// !$*UTF8*$!
{
	archiveVersion = 1;
	classes = {
	};
	objectVersion = 46;
	objects = {

/* Begin PBXBuildFile section */
		C03695721BCEDF5E00BB0A1A /* main.m in Sources */ = {isa = PBXBuildFile; fileRef = C03695711BCEDF5E00BB0A1A /* main.m */; };
		C03695751BCEDF5E00BB0A1A /* AppDelegate.m in Sources */ = {isa = PBXBuildFile; fileRef = C03695741BCEDF5E00BB0A1A /* AppDelegate.m */; };
		C03695781BCEDF5E00BB0A1A /* ViewController.m in Sources */ = {isa = PBXBuildFile; fileRef = C03695771BCEDF5E00BB0A1A /* ViewController.m */; };
		C036957B1BCEDF5E00BB0A1A /* Main.storyboard in Resources */ = {isa = PBXBuildFile; fileRef = C03695791BCEDF5E00BB0A1A /* Main.storyboard */; };
		C036957D1BCEDF5E00BB0A1A /* Assets.xcassets in Resources */ = {isa = PBXBuildFile; fileRef = C036957C1BCEDF5E00BB0A1A /* Assets.xcassets */; };
		C03695801BCEDF5E00BB0A1A /* LaunchScreen.storyboard in Resources */ = {isa = PBXBuildFile; fileRef = C036957E1BCEDF5E00BB0A1A /* LaunchScreen.storyboard */; };
		C036958B1BCEDF5E00BB0A1A /* sbsbTests.m in Sources */ = {isa = PBXBuildFile; fileRef = C036958A1BCEDF5E00BB0A1A /* sbsbTests.m */; };
		C03695961BCEDF5E00BB0A1A /* sbsbUITests.m in Sources */ = {isa = PBXBuildFile; fileRef = C03695951BCEDF5E00BB0A1A /* sbsbUITests.m */; };
		C03695A51BCEE01100BB0A1A /* FirstViewController.m in Sources */ = {isa = PBXBuildFile; fileRef = C03695A41BCEE01100BB0A1A /* FirstViewController.m */; settings = {ASSET_TAGS = (); }; };
		C03695A81BCEE02000BB0A1A /* SecondViewController.m in Sources */ = {isa = PBXBuildFile; fileRef = C03695A71BCEE02000BB0A1A /* SecondViewController.m */; settings = {ASSET_TAGS = (); }; };
		C03695AB1BCEE02B00BB0A1A /* ThirdViewController.m in Sources */ = {isa = PBXBuildFile; fileRef = C03695AA1BCEE02B00BB0A1A /* ThirdViewController.m */; settings = {ASSET_TAGS = (); }; };
/* End PBXBuildFile section */

/* Begin PBXContainerItemProxy section */
		C03695871BCEDF5E00BB0A1A /* PBXContainerItemProxy */ = {
			isa = PBXContainerItemProxy;
			containerPortal = C03695651BCEDF5E00BB0A1A /* Project object */;
			proxyType = 1;
			remoteGlobalIDString = C036956C1BCEDF5E00BB0A1A;
			remoteInfo = sbsb;
		};
		C03695921BCEDF5E00BB0A1A /* PBXContainerItemProxy */ = {
			isa = PBXContainerItemProxy;
			containerPortal = C03695651BCEDF5E00BB0A1A /* Project object */;
			proxyType = 1;
			remoteGlobalIDString = C036956C1BCEDF5E00BB0A1A;
			remoteInfo = sbsb;
		};
/* End PBXContainerItemProxy section */

/* Begin PBXFileReference section */
		C036956D1BCEDF5E00BB0A1A /* sbsb.app */ = {isa = PBXFileReference; explicitFileType = wrapper.application; includeInIndex = 0; path = sbsb.app; sourceTree = BUILT_PRODUCTS_DIR; };
		C03695711BCEDF5E00BB0A1A /* main.m */ = {isa = PBXFileReference; lastKnownFileType = sourcecode.c.objc; path = main.m; sourceTree = "<group>"; };
		C03695731BCEDF5E00BB0A1A /* AppDelegate.h */ = {isa = PBXFileReference; lastKnownFileType = sourcecode.c.h; path = AppDelegate.h; sourceTree = "<group>"; };
		C03695741BCEDF5E00BB0A1A /* AppDelegate.m */ = {isa = PBXFileReference; lastKnownFileType = sourcecode.c.objc; path = AppDelegate.m; sourceTree = "<group>"; };
		C03695761BCEDF5E00BB0A1A /* ViewController.h */ = {isa = PBXFileReference; lastKnownFileType = sourcecode.c.h; path = ViewController.h; sourceTree = "<group>"; };
		C03695771BCEDF5E00BB0A1A /* ViewController.m */ = {isa = PBXFileReference; lastKnownFileType = sourcecode.c.objc; path = ViewController.m; sourceTree = "<group>"; };
		C036957A1BCEDF5E00BB0A1A /* Base */ = {isa = PBXFileReference; lastKnownFileType = file.storyboard; name = Base; path = Base.lproj/Main.storyboard; sourceTree = "<group>"; };
		C036957C1BCEDF5E00BB0A1A /* Assets.xcassets */ = {isa = PBXFileReference; lastKnownFileType = folder.assetcatalog; path = Assets.xcassets; sourceTree = "<group>"; };
		C036957F1BCEDF5E00BB0A1A /* Base */ = {isa = PBXFileReference; lastKnownFileType = file.storyboard; name = Base; path = Base.lproj/LaunchScreen.storyboard; sourceTree = "<group>"; };
		C03695811BCEDF5E00BB0A1A /* Info.plist */ = {isa = PBXFileReference; lastKnownFileType = text.plist.xml; path = Info.plist; sourceTree = "<group>"; };
		C03695861BCEDF5E00BB0A1A /* sbsbTests.xctest */ = {isa = PBXFileReference; explicitFileType = wrapper.cfbundle; includeInIndex = 0; path = sbsbTests.xctest; sourceTree = BUILT_PRODUCTS_DIR; };
		C036958A1BCEDF5E00BB0A1A /* sbsbTests.m */ = {isa = PBXFileReference; lastKnownFileType = sourcecode.c.objc; path = sbsbTests.m; sourceTree = "<group>"; };
		C036958C1BCEDF5E00BB0A1A /* Info.plist */ = {isa = PBXFileReference; lastKnownFileType = text.plist.xml; path = Info.plist; sourceTree = "<group>"; };
		C03695911BCEDF5E00BB0A1A /* sbsbUITests.xctest */ = {isa = PBXFileReference; explicitFileType = wrapper.cfbundle; includeInIndex = 0; path = sbsbUITests.xctest; sourceTree = BUILT_PRODUCTS_DIR; };
		C03695951BCEDF5E00BB0A1A /* sbsbUITests.m */ = {isa = PBXFileReference; lastKnownFileType = sourcecode.c.objc; path = sbsbUITests.m; sourceTree = "<group>"; };
		C03695971BCEDF5E00BB0A1A /* Info.plist */ = {isa = PBXFileReference; lastKnownFileType = text.plist.xml; path = Info.plist; sourceTree = "<group>"; };
		C03695A31BCEE01100BB0A1A /* FirstViewController.h */ = {isa = PBXFileReference; fileEncoding = 4; lastKnownFileType = sourcecode.c.h; path = FirstViewController.h; sourceTree = "<group>"; };
		C03695A41BCEE01100BB0A1A /* FirstViewController.m */ = {isa = PBXFileReference; fileEncoding = 4; lastKnownFileType = sourcecode.c.objc; path = FirstViewController.m; sourceTree = "<group>"; };
		C03695A61BCEE02000BB0A1A /* SecondViewController.h */ = {isa = PBXFileReference; fileEncoding = 4; lastKnownFileType = sourcecode.c.h; path = SecondViewController.h; sourceTree = "<group>"; };
		C03695A71BCEE02000BB0A1A /* SecondViewController.m */ = {isa = PBXFileReference; fileEncoding = 4; lastKnownFileType = sourcecode.c.objc; path = SecondViewController.m; sourceTree = "<group>"; };
		C03695A91BCEE02B00BB0A1A /* ThirdViewController.h */ = {isa = PBXFileReference; fileEncoding = 4; lastKnownFileType = sourcecode.c.h; path = ThirdViewController.h; sourceTree = "<group>"; };
		C03695AA1BCEE02B00BB0A1A /* ThirdViewController.m */ = {isa = PBXFileReference; fileEncoding = 4; lastKnownFileType = sourcecode.c.objc; path = ThirdViewController.m; sourceTree = "<group>"; };
/* End PBXFileReference section */

/* Begin PBXFrameworksBuildPhase section */
		C036956A1BCEDF5E00BB0A1A /* Frameworks */ = {
			isa = PBXFrameworksBuildPhase;
			buildActionMask = 2147483647;
			files = (
			);
			runOnlyForDeploymentPostprocessing = 0;
		};
		C03695831BCEDF5E00BB0A1A /* Frameworks */ = {
			isa = PBXFrameworksBuildPhase;
			buildActionMask = 2147483647;
			files = (
			);
			runOnlyForDeploymentPostprocessing = 0;
		};
		C036958E1BCEDF5E00BB0A1A /* Frameworks */ = {
			isa = PBXFrameworksBuildPhase;
			buildActionMask = 2147483647;
			files = (
			);
			runOnlyForDeploymentPostprocessing = 0;
		};
/* End PBXFrameworksBuildPhase section */

/* Begin PBXGroup section */
		C03695641BCEDF5E00BB0A1A = {
			isa = PBXGroup;
			children = (
				C036956F1BCEDF5E00BB0A1A /* sbsb */,
				C03695891BCEDF5E00BB0A1A /* sbsbTests */,
				C03695941BCEDF5E00BB0A1A /* sbsbUITests */,
				C036956E1BCEDF5E00BB0A1A /* Products */,
			);
			sourceTree = "<group>";
		};
		C036956E1BCEDF5E00BB0A1A /* Products */ = {
			isa = PBXGroup;
			children = (
				C036956D1BCEDF5E00BB0A1A /* sbsb.app */,
				C03695861BCEDF5E00BB0A1A /* sbsbTests.xctest */,
				C03695911BCEDF5E00BB0A1A /* sbsbUITests.xctest */,
			);
			name = Products;
			sourceTree = "<group>";
		};
		C036956F1BCEDF5E00BB0A1A /* sbsb */ = {
			isa = PBXGroup;
			children = (
				C03695731BCEDF5E00BB0A1A /* AppDelegate.h */,
				C03695741BCEDF5E00BB0A1A /* AppDelegate.m */,
				C03695761BCEDF5E00BB0A1A /* ViewController.h */,
				C03695771BCEDF5E00BB0A1A /* ViewController.m */,
				C03695791BCEDF5E00BB0A1A /* Main.storyboard */,
				C036957C1BCEDF5E00BB0A1A /* Assets.xcassets */,
				C036957E1BCEDF5E00BB0A1A /* LaunchScreen.storyboard */,
				C03695811BCEDF5E00BB0A1A /* Info.plist */,
				C03695701BCEDF5E00BB0A1A /* Supporting Files */,
				C03695A31BCEE01100BB0A1A /* FirstViewController.h */,
				C03695A41BCEE01100BB0A1A /* FirstViewController.m */,
				C03695A61BCEE02000BB0A1A /* SecondViewController.h */,
				C03695A71BCEE02000BB0A1A /* SecondViewController.m */,
				C03695A91BCEE02B00BB0A1A /* ThirdViewController.h */,
				C03695AA1BCEE02B00BB0A1A /* ThirdViewController.m */,
			);
			path = sbsb;
			sourceTree = "<group>";
		};
		C03695701BCEDF5E00BB0A1A /* Supporting Files */ = {
			isa = PBXGroup;
			children = (
				C03695711BCEDF5E00BB0A1A /* main.m */,
			);
			name = "Supporting Files";
			sourceTree = "<group>";
		};
		C03695891BCEDF5E00BB0A1A /* sbsbTests */ = {
			isa = PBXGroup;
			children = (
				C036958A1BCEDF5E00BB0A1A /* sbsbTests.m */,
				C036958C1BCEDF5E00BB0A1A /* Info.plist */,
			);
			path = sbsbTests;
			sourceTree = "<group>";
		};
		C03695941BCEDF5E00BB0A1A /* sbsbUITests */ = {
			isa = PBXGroup;
			children = (
				C03695951BCEDF5E00BB0A1A /* sbsbUITests.m */,
				C03695971BCEDF5E00BB0A1A /* Info.plist */,
			);
			path = sbsbUITests;
			sourceTree = "<group>";
		};
/* End PBXGroup section */

/* Begin PBXNativeTarget section */
		C036956C1BCEDF5E00BB0A1A /* sbsb */ = {
			isa = PBXNativeTarget;
			buildConfigurationList = C036959A1BCEDF5E00BB0A1A /* Build configuration list for PBXNativeTarget "sbsb" */;
			buildPhases = (
				C03695691BCEDF5E00BB0A1A /* Sources */,
				C036956A1BCEDF5E00BB0A1A /* Frameworks */,
				C036956B1BCEDF5E00BB0A1A /* Resources */,
			);
			buildRules = (
			);
			dependencies = (
			);
			name = sbsb;
			productName = sbsb;
			productReference = C036956D1BCEDF5E00BB0A1A /* sbsb.app */;
			productType = "com.apple.product-type.application";
		};
		C03695851BCEDF5E00BB0A1A /* sbsbTests */ = {
			isa = PBXNativeTarget;
			buildConfigurationList = C036959D1BCEDF5E00BB0A1A /* Build configuration list for PBXNativeTarget "sbsbTests" */;
			buildPhases = (
				C03695821BCEDF5E00BB0A1A /* Sources */,
				C03695831BCEDF5E00BB0A1A /* Frameworks */,
				C03695841BCEDF5E00BB0A1A /* Resources */,
			);
			buildRules = (
			);
			dependencies = (
				C03695881BCEDF5E00BB0A1A /* PBXTargetDependency */,
			);
			name = sbsbTests;
			productName = sbsbTests;
			productReference = C03695861BCEDF5E00BB0A1A /* sbsbTests.xctest */;
			productType = "com.apple.product-type.bundle.unit-test";
		};
		C03695901BCEDF5E00BB0A1A /* sbsbUITests */ = {
			isa = PBXNativeTarget;
			buildConfigurationList = C03695A01BCEDF5E00BB0A1A /* Build configuration list for PBXNativeTarget "sbsbUITests" */;
			buildPhases = (
				C036958D1BCEDF5E00BB0A1A /* Sources */,
				C036958E1BCEDF5E00BB0A1A /* Frameworks */,
				C036958F1BCEDF5E00BB0A1A /* Resources */,
			);
			buildRules = (
			);
			dependencies = (
				C03695931BCEDF5E00BB0A1A /* PBXTargetDependency */,
			);
			name = sbsbUITests;
			productName = sbsbUITests;
			productReference = C03695911BCEDF5E00BB0A1A /* sbsbUITests.xctest */;
			productType = "com.apple.product-type.bundle.ui-testing";
		};
/* End PBXNativeTarget section */

/* Begin PBXProject section */
		C03695651BCEDF5E00BB0A1A /* Project object */ = {
			isa = PBXProject;
			attributes = {
				LastUpgradeCheck = 0700;
				ORGANIZATIONNAME = "栾有数";
				TargetAttributes = {
					C036956C1BCEDF5E00BB0A1A = {
						CreatedOnToolsVersion = 7.0;
					};
					C03695851BCEDF5E00BB0A1A = {
						CreatedOnToolsVersion = 7.0;
						TestTargetID = C036956C1BCEDF5E00BB0A1A;
					};
					C03695901BCEDF5E00BB0A1A = {
						CreatedOnToolsVersion = 7.0;
						TestTargetID = C036956C1BCEDF5E00BB0A1A;
					};
				};
			};
			buildConfigurationList = C03695681BCEDF5E00BB0A1A /* Build configuration list for PBXProject "sbsb" */;
			compatibilityVersion = "Xcode 3.2";
			developmentRegion = English;
			hasScannedForEncodings = 0;
			knownRegions = (
				en,
				Base,
			);
			mainGroup = C03695641BCEDF5E00BB0A1A;
			productRefGroup = C036956E1BCEDF5E00BB0A1A /* Products */;
			projectDirPath = "";
			projectRoot = "";
			targets = (
				C036956C1BCEDF5E00BB0A1A /* sbsb */,
				C03695851BCEDF5E00BB0A1A /* sbsbTests */,
				C03695901BCEDF5E00BB0A1A /* sbsbUITests */,
			);
		};
/* End PBXProject section */

/* Begin PBXResourcesBuildPhase section */
		C036956B1BCEDF5E00BB0A1A /* Resources */ = {
			isa = PBXResourcesBuildPhase;
			buildActionMask = 2147483647;
			files = (
				C03695801BCEDF5E00BB0A1A /* LaunchScreen.storyboard in Resources */,
				C036957D1BCEDF5E00BB0A1A /* Assets.xcassets in Resources */,
				C036957B1BCEDF5E00BB0A1A /* Main.storyboard in Resources */,
			);
			runOnlyForDeploymentPostprocessing = 0;
		};
		C03695841BCEDF5E00BB0A1A /* Resources */ = {
			isa = PBXResourcesBuildPhase;
			buildActionMask = 2147483647;
			files = (
			);
			runOnlyForDeploymentPostprocessing = 0;
		};
		C036958F1BCEDF5E00BB0A1A /* Resources */ = {
			isa = PBXResourcesBuildPhase;
			buildActionMask = 2147483647;
			files = (
			);
			runOnlyForDeploymentPostprocessing = 0;
		};
/* End PBXResourcesBuildPhase section */

/* Begin PBXSourcesBuildPhase section */
		C03695691BCEDF5E00BB0A1A /* Sources */ = {
			isa = PBXSourcesBuildPhase;
			buildActionMask = 2147483647;
			files = (
				C03695A81BCEE02000BB0A1A /* SecondViewController.m in Sources */,
				C03695781BCEDF5E00BB0A1A /* ViewController.m in Sources */,
				C03695AB1BCEE02B00BB0A1A /* ThirdViewController.m in Sources */,
				C03695751BCEDF5E00BB0A1A /* AppDelegate.m in Sources */,
				C03695721BCEDF5E00BB0A1A /* main.m in Sources */,
				C03695A51BCEE01100BB0A1A /* FirstViewController.m in Sources */,
			);
			runOnlyForDeploymentPostprocessing = 0;
		};
		C03695821BCEDF5E00BB0A1A /* Sources */ = {
			isa = PBXSourcesBuildPhase;
			buildActionMask = 2147483647;
			files = (
				C036958B1BCEDF5E00BB0A1A /* sbsbTests.m in Sources */,
			);
			runOnlyForDeploymentPostprocessing = 0;
		};
		C036958D1BCEDF5E00BB0A1A /* Sources */ = {
			isa = PBXSourcesBuildPhase;
			buildActionMask = 2147483647;
			files = (
				C03695961BCEDF5E00BB0A1A /* sbsbUITests.m in Sources */,
			);
			runOnlyForDeploymentPostprocessing = 0;
		};
/* End PBXSourcesBuildPhase section */

/* Begin PBXTargetDependency section */
		C03695881BCEDF5E00BB0A1A /* PBXTargetDependency */ = {
			isa = PBXTargetDependency;
			target = C036956C1BCEDF5E00BB0A1A /* sbsb */;
			targetProxy = C03695871BCEDF5E00BB0A1A /* PBXContainerItemProxy */;
		};
		C03695931BCEDF5E00BB0A1A /* PBXTargetDependency */ = {
			isa = PBXTargetDependency;
			target = C036956C1BCEDF5E00BB0A1A /* sbsb */;
			targetProxy = C03695921BCEDF5E00BB0A1A /* PBXContainerItemProxy */;
		};
/* End PBXTargetDependency section */

/* Begin PBXVariantGroup section */
		C03695791BCEDF5E00BB0A1A /* Main.storyboard */ = {
			isa = PBXVariantGroup;
			children = (
				C036957A1BCEDF5E00BB0A1A /* Base */,
			);
			name = Main.storyboard;
			sourceTree = "<group>";
		};
		C036957E1BCEDF5E00BB0A1A /* LaunchScreen.storyboard */ = {
			isa = PBXVariantGroup;
			children = (
				C036957F1BCEDF5E00BB0A1A /* Base */,
			);
			name = LaunchScreen.storyboard;
			sourceTree = "<group>";
		};
/* End PBXVariantGroup section */

/* Begin XCBuildConfiguration section */
		C03695981BCEDF5E00BB0A1A /* Debug */ = {
			isa = XCBuildConfiguration;
			buildSettings = {
				ALWAYS_SEARCH_USER_PATHS = NO;
				CLANG_CXX_LANGUAGE_STANDARD = "gnu++0x";
				CLANG_CXX_LIBRARY = "libc++";
				CLANG_ENABLE_MODULES = YES;
				CLANG_ENABLE_OBJC_ARC = YES;
				CLANG_WARN_BOOL_CONVERSION = YES;
				CLANG_WARN_CONSTANT_CONVERSION = YES;
				CLANG_WARN_DIRECT_OBJC_ISA_USAGE = YES_ERROR;
				CLANG_WARN_EMPTY_BODY = YES;
				CLANG_WARN_ENUM_CONVERSION = YES;
				CLANG_WARN_INT_CONVERSION = YES;
				CLANG_WARN_OBJC_ROOT_CLASS = YES_ERROR;
				CLANG_WARN_UNREACHABLE_CODE = YES;
				CLANG_WARN__DUPLICATE_METHOD_MATCH = YES;
				"CODE_SIGN_IDENTITY[sdk=iphoneos*]" = "iPhone Developer";
				COPY_PHASE_STRIP = NO;
				DEBUG_INFORMATION_FORMAT = dwarf;
				ENABLE_STRICT_OBJC_MSGSEND = YES;
				ENABLE_TESTABILITY = YES;
				GCC_C_LANGUAGE_STANDARD = gnu99;
				GCC_DYNAMIC_NO_PIC = NO;
				GCC_NO_COMMON_BLOCKS = YES;
				GCC_OPTIMIZATION_LEVEL = 0;
				GCC_PREPROCESSOR_DEFINITIONS = (
					"DEBUG=1",
					"$(inherited)",
				);
				GCC_WARN_64_TO_32_BIT_CONVERSION = YES;
				GCC_WARN_ABOUT_RETURN_TYPE = YES_ERROR;
				GCC_WARN_UNDECLARED_SELECTOR = YES;
				GCC_WARN_UNINITIALIZED_AUTOS = YES_AGGRESSIVE;
				GCC_WARN_UNUSED_FUNCTION = YES;
				GCC_WARN_UNUSED_VARIABLE = YES;
				IPHONEOS_DEPLOYMENT_TARGET = 9.0;
				MTL_ENABLE_DEBUG_INFO = YES;
				ONLY_ACTIVE_ARCH = YES;
				SDKROOT = iphoneos;
				TARGETED_DEVICE_FAMILY = "1,2";
			};
			name = Debug;
		};
		C03695991BCEDF5E00BB0A1A /* Release */ = {
			isa = XCBuildConfiguration;
			buildSettings = {
				ALWAYS_SEARCH_USER_PATHS = NO;
				CLANG_CXX_LANGUAGE_STANDARD = "gnu++0x";
				CLANG_CXX_LIBRARY = "libc++";
				CLANG_ENABLE_MODULES = YES;
				CLANG_ENABLE_OBJC_ARC = YES;
				CLANG_WARN_BOOL_CONVERSION = YES;
				CLANG_WARN_CONSTANT_CONVERSION = YES;
				CLANG_WARN_DIRECT_OBJC_ISA_USAGE = YES_ERROR;
				CLANG_WARN_EMPTY_BODY = YES;
				CLANG_WARN_ENUM_CONVERSION = YES;
				CLANG_WARN_INT_CONVERSION = YES;
				CLANG_WARN_OBJC_ROOT_CLASS = YES_ERROR;
				CLANG_WARN_UNREACHABLE_CODE = YES;
				CLANG_WARN__DUPLICATE_METHOD_MATCH = YES;
				"CODE_SIGN_IDENTITY[sdk=iphoneos*]" = "iPhone Developer";
				COPY_PHASE_STRIP = NO;
				DEBUG_INFORMATION_FORMAT = "dwarf-with-dsym";
				ENABLE_NS_ASSERTIONS = NO;
				ENABLE_STRICT_OBJC_MSGSEND = YES;
				GCC_C_LANGUAGE_STANDARD = gnu99;
				GCC_NO_COMMON_BLOCKS = YES;
				GCC_WARN_64_TO_32_BIT_CONVERSION = YES;
				GCC_WARN_ABOUT_RETURN_TYPE = YES_ERROR;
				GCC_WARN_UNDECLARED_SELECTOR = YES;
				GCC_WARN_UNINITIALIZED_AUTOS = YES_AGGRESSIVE;
				GCC_WARN_UNUSED_FUNCTION = YES;
				GCC_WARN_UNUSED_VARIABLE = YES;
				IPHONEOS_DEPLOYMENT_TARGET = 9.0;
				MTL_ENABLE_DEBUG_INFO = NO;
				SDKROOT = iphoneos;
				TARGETED_DEVICE_FAMILY = "1,2";
				VALIDATE_PRODUCT = YES;
			};
			name = Release;
		};
		C036959B1BCEDF5E00BB0A1A /* Debug */ = {
			isa = XCBuildConfiguration;
			buildSettings = {
				ASSETCATALOG_COMPILER_APPICON_NAME = AppIcon;
				INFOPLIST_FILE = sbsb/Info.plist;
				LD_RUNPATH_SEARCH_PATHS = "$(inherited) @executable_path/Frameworks";
				PRODUCT_BUNDLE_IDENTIFIER = a.sbsb;
				PRODUCT_NAME = "$(TARGET_NAME)";
			};
			name = Debug;
		};
		C036959C1BCEDF5E00BB0A1A /* Release */ = {
			isa = XCBuildConfiguration;
			buildSettings = {
				ASSETCATALOG_COMPILER_APPICON_NAME = AppIcon;
				INFOPLIST_FILE = sbsb/Info.plist;
				LD_RUNPATH_SEARCH_PATHS = "$(inherited) @executable_path/Frameworks";
				PRODUCT_BUNDLE_IDENTIFIER = a.sbsb;
				PRODUCT_NAME = "$(TARGET_NAME)";
			};
			name = Release;
		};
		C036959E1BCEDF5E00BB0A1A /* Debug */ = {
			isa = XCBuildConfiguration;
			buildSettings = {
				BUNDLE_LOADER = "$(TEST_HOST)";
				INFOPLIST_FILE = sbsbTests/Info.plist;
				LD_RUNPATH_SEARCH_PATHS = "$(inherited) @executable_path/Frameworks @loader_path/Frameworks";
				PRODUCT_BUNDLE_IDENTIFIER = a.sbsbTests;
				PRODUCT_NAME = "$(TARGET_NAME)";
				TEST_HOST = "$(BUILT_PRODUCTS_DIR)/sbsb.app/sbsb";
			};
			name = Debug;
		};
		C036959F1BCEDF5E00BB0A1A /* Release */ = {
			isa = XCBuildConfiguration;
			buildSettings = {
				BUNDLE_LOADER = "$(TEST_HOST)";
				INFOPLIST_FILE = sbsbTests/Info.plist;
				LD_RUNPATH_SEARCH_PATHS = "$(inherited) @executable_path/Frameworks @loader_path/Frameworks";
				PRODUCT_BUNDLE_IDENTIFIER = a.sbsbTests;
				PRODUCT_NAME = "$(TARGET_NAME)";
				TEST_HOST = "$(BUILT_PRODUCTS_DIR)/sbsb.app/sbsb";
			};
			name = Release;
		};
		C03695A11BCEDF5E00BB0A1A /* Debug */ = {
			isa = XCBuildConfiguration;
			buildSettings = {
				INFOPLIST_FILE = sbsbUITests/Info.plist;
				LD_RUNPATH_SEARCH_PATHS = "$(inherited) @executable_path/Frameworks @loader_path/Frameworks";
				PRODUCT_BUNDLE_IDENTIFIER = a.sbsbUITests;
				PRODUCT_NAME = "$(TARGET_NAME)";
				TEST_TARGET_NAME = sbsb;
				USES_XCTRUNNER = YES;
			};
			name = Debug;
		};
		C03695A21BCEDF5E00BB0A1A /* Release */ = {
			isa = XCBuildConfiguration;
			buildSettings = {
				INFOPLIST_FILE = sbsbUITests/Info.plist;
				LD_RUNPATH_SEARCH_PATHS = "$(inherited) @executable_path/Frameworks @loader_path/Frameworks";
				PRODUCT_BUNDLE_IDENTIFIER = a.sbsbUITests;
				PRODUCT_NAME = "$(TARGET_NAME)";
				TEST_TARGET_NAME = sbsb;
				USES_XCTRUNNER = YES;
			};
			name = Release;
		};
/* End XCBuildConfiguration section */

/* Begin XCConfigurationList section */
		C03695681BCEDF5E00BB0A1A /* Build configuration list for PBXProject "sbsb" */ = {
			isa = XCConfigurationList;
			buildConfigurations = (
				C03695981BCEDF5E00BB0A1A /* Debug */,
				C03695991BCEDF5E00BB0A1A /* Release */,
			);
			defaultConfigurationIsVisible = 0;
			defaultConfigurationName = Release;
		};
		C036959A1BCEDF5E00BB0A1A /* Build configuration list for PBXNativeTarget "sbsb" */ = {
			isa = XCConfigurationList;
			buildConfigurations = (
				C036959B1BCEDF5E00BB0A1A /* Debug */,
				C036959C1BCEDF5E00BB0A1A /* Release */,
			);
			defaultConfigurationIsVisible = 0;
		};
		C036959D1BCEDF5E00BB0A1A /* Build configuration list for PBXNativeTarget "sbsbTests" */ = {
			isa = XCConfigurationList;
			buildConfigurations = (
				C036959E1BCEDF5E00BB0A1A /* Debug */,
				C036959F1BCEDF5E00BB0A1A /* Release */,
			);
			defaultConfigurationIsVisible = 0;
		};
		C03695A01BCEDF5E00BB0A1A /* Build configuration list for PBXNativeTarget "sbsbUITests" */ = {
			isa = XCConfigurationList;
			buildConfigurations = (
				C03695A11BCEDF5E00BB0A1A /* Debug */,
				C03695A21BCEDF5E00BB0A1A /* Release */,
			);
			defaultConfigurationIsVisible = 0;
		};
/* End XCConfigurationList section */
	};
	rootObject = C03695651BCEDF5E00BB0A1A /* Project object */;
}
